// !$*UTF8*$!
{
	archiveVersion = 1;
	classes = {
	};
	objectVersion = 55;
	objects = {

/* Begin PBXBuildFile section */
		4298399927F5BC2800A3D19C /* AppDelegate.swift in Sources */ = {isa = PBXBuildFile; fileRef = 4298399827F5BC2800A3D19C /* AppDelegate.swift */; };
		4298399B27F5BC2800A3D19C /* SceneDelegate.swift in Sources */ = {isa = PBXBuildFile; fileRef = 4298399A27F5BC2800A3D19C /* SceneDelegate.swift */; };
		4298399D27F5BC2800A3D19C /* ViewController.swift in Sources */ = {isa = PBXBuildFile; fileRef = 4298399C27F5BC2800A3D19C /* ViewController.swift */; };
		429839A027F5BC2800A3D19C /* Main.storyboard in Resources */ = {isa = PBXBuildFile; fileRef = 4298399E27F5BC2800A3D19C /* Main.storyboard */; };
		429839A227F5BC2A00A3D19C /* Assets.xcassets in Resources */ = {isa = PBXBuildFile; fileRef = 429839A127F5BC2A00A3D19C /* Assets.xcassets */; };
		429839A527F5BC2A00A3D19C /* LaunchScreen.storyboard in Resources */ = {isa = PBXBuildFile; fileRef = 429839A327F5BC2A00A3D19C /* LaunchScreen.storyboard */; };
		FE528CFD8F1D2ECEE7FE91F3 /* Pods_fingerprint.framework in Frameworks */ = {isa = PBXBuildFile; fileRef = 7109A35A299373D4D6F3A697 /* Pods_fingerprint.framework */; };
/* End PBXBuildFile section */

/* Begin PBXFileReference section */
		4298399527F5BC2800A3D19C /* fingerprint.app */ = {isa = PBXFileReference; explicitFileType = wrapper.application; includeInIndex = 0; path = fingerprint.app; sourceTree = BUILT_PRODUCTS_DIR; };
		4298399827F5BC2800A3D19C /* AppDelegate.swift */ = {isa = PBXFileReference; lastKnownFileType = sourcecode.swift; path = AppDelegate.swift; sourceTree = "<group>"; };
		4298399A27F5BC2800A3D19C /* SceneDelegate.swift */ = {isa = PBXFileReference; lastKnownFileType = sourcecode.swift; path = SceneDelegate.swift; sourceTree = "<group>"; };
		4298399C27F5BC2800A3D19C /* ViewController.swift */ = {isa = PBXFileReference; lastKnownFileType = sourcecode.swift; path = ViewController.swift; sourceTree = "<group>"; };
		4298399F27F5BC2800A3D19C /* Base */ = {isa = PBXFileReference; lastKnownFileType = file.storyboard; name = Base; path = Base.lproj/Main.storyboard; sourceTree = "<group>"; };
		429839A127F5BC2A00A3D19C /* Assets.xcassets */ = {isa = PBXFileReference; lastKnownFileType = folder.assetcatalog; path = Assets.xcassets; sourceTree = "<group>"; };
		429839A427F5BC2A00A3D19C /* Base */ = {isa = PBXFileReference; lastKnownFileType = file.storyboard; name = Base; path = Base.lproj/LaunchScreen.storyboard; sourceTree = "<group>"; };
		429839A627F5BC2A00A3D19C /* Info.plist */ = {isa = PBXFileReference; lastKnownFileType = text.plist.xml; path = Info.plist; sourceTree = "<group>"; };
		7109A35A299373D4D6F3A697 /* Pods_fingerprint.framework */ = {isa = PBXFileReference; explicitFileType = wrapper.framework; includeInIndex = 0; path = Pods_fingerprint.framework; sourceTree = BUILT_PRODUCTS_DIR; };
		835134A7F2E46D2C54451CF1 /* Pods-fingerprint.release.xcconfig */ = {isa = PBXFileReference; includeInIndex = 1; lastKnownFileType = text.xcconfig; name = "Pods-fingerprint.release.xcconfig"; path = "Target Support Files/Pods-fingerprint/Pods-fingerprint.release.xcconfig"; sourceTree = "<group>"; };
		C8E6BE02E5E2E5995E7AD916 /* Pods-fingerprint.debug.xcconfig */ = {isa = PBXFileReference; includeInIndex = 1; lastKnownFileType = text.xcconfig; name = "Pods-fingerprint.debug.xcconfig"; path = "Target Support Files/Pods-fingerprint/Pods-fingerprint.debug.xcconfig"; sourceTree = "<group>"; };
/* End PBXFileReference section */

/* Begin PBXFrameworksBuildPhase section */
		4298399227F5BC2800A3D19C /* Frameworks */ = {
			isa = PBXFrameworksBuildPhase;
			buildActionMask = 2147483647;
			files = (
				FE528CFD8F1D2ECEE7FE91F3 /* Pods_fingerprint.framework in Frameworks */,
			);
			runOnlyForDeploymentPostprocessing = 0;
		};
/* End PBXFrameworksBuildPhase section */

/* Begin PBXGroup section */
		4298398C27F5BC2800A3D19C = {
			isa = PBXGroup;
			children = (
				4298399727F5BC2800A3D19C /* fingerprint */,
				4298399627F5BC2800A3D19C /* Products */,
				D8CA1A03D9555A894F365733 /* Pods */,
				48350CF15229D0C6CAD589F9 /* Frameworks */,
			);
			sourceTree = "<group>";
		};
		4298399627F5BC2800A3D19C /* Products */ = {
			isa = PBXGroup;
			children = (
				4298399527F5BC2800A3D19C /* fingerprint.app */,
			);
			name = Products;
			sourceTree = "<group>";
		};
		4298399727F5BC2800A3D19C /* fingerprint */ = {
			isa = PBXGroup;
			children = (
				4298399827F5BC2800A3D19C /* AppDelegate.swift */,
				4298399A27F5BC2800A3D19C /* SceneDelegate.swift */,
				4298399C27F5BC2800A3D19C /* ViewController.swift */,
				4298399E27F5BC2800A3D19C /* Main.storyboard */,
				429839A127F5BC2A00A3D19C /* Assets.xcassets */,
				429839A327F5BC2A00A3D19C /* LaunchScreen.storyboard */,
				429839A627F5BC2A00A3D19C /* Info.plist */,
			);
			path = fingerprint;
			sourceTree = "<group>";
		};
		48350CF15229D0C6CAD589F9 /* Frameworks */ = {
			isa = PBXGroup;
			children = (
				7109A35A299373D4D6F3A697 /* Pods_fingerprint.framework */,
			);
			name = Frameworks;
			sourceTree = "<group>";
		};
		D8CA1A03D9555A894F365733 /* Pods */ = {
			isa = PBXGroup;
			children = (
				C8E6BE02E5E2E5995E7AD916 /* Pods-fingerprint.debug.xcconfig */,
				835134A7F2E46D2C54451CF1 /* Pods-fingerprint.release.xcconfig */,
			);
			name = Pods;
			path = Pods;
			sourceTree = "<group>";
		};
/* End PBXGroup section */

/* Begin PBXNativeTarget section */
		4298399427F5BC2800A3D19C /* fingerprint */ = {
			isa = PBXNativeTarget;
			buildConfigurationList = 429839A927F5BC2A00A3D19C /* Build configuration list for PBXNativeTarget "fingerprint" */;
			buildPhases = (
				4449F4FEFB0DF308A5A63EA4 /* [CP] Check Pods Manifest.lock */,
				4298399127F5BC2800A3D19C /* Sources */,
				4298399227F5BC2800A3D19C /* Frameworks */,
				4298399327F5BC2800A3D19C /* Resources */,
				818C0B8D5A2FE9FE9B932278 /* [CP] Embed Pods Frameworks */,
			);
			buildRules = (
			);
			dependencies = (
			);
			name = fingerprint;
			productName = fingerprint;
			productReference = 4298399527F5BC2800A3D19C /* fingerprint.app */;
			productType = "com.apple.product-type.application";
		};
/* End PBXNativeTarget section */

/* Begin PBXProject section */
		4298398D27F5BC2800A3D19C /* Project object */ = {
			isa = PBXProject;
			attributes = {
				BuildIndependentTargetsInParallel = 1;
				LastSwiftUpdateCheck = 1330;
				LastUpgradeCheck = 1330;
				TargetAttributes = {
					4298399427F5BC2800A3D19C = {
						CreatedOnToolsVersion = 13.3;
					};
				};
			};
			buildConfigurationList = 4298399027F5BC2800A3D19C /* Build configuration list for PBXProject "fingerprint" */;
			compatibilityVersion = "Xcode 13.0";
			developmentRegion = en;
			hasScannedForEncodings = 0;
			knownRegions = (
				en,
				Base,
			);
			mainGroup = 4298398C27F5BC2800A3D19C;
			productRefGroup = 4298399627F5BC2800A3D19C /* Products */;
			projectDirPath = "";
			projectRoot = "";
			targets = (
				4298399427F5BC2800A3D19C /* fingerprint */,
			);
		};
/* End PBXProject section */

/* Begin PBXResourcesBuildPhase section */
		4298399327F5BC2800A3D19C /* Resources */ = {
			isa = PBXResourcesBuildPhase;
			buildActionMask = 2147483647;
			files = (
				429839A527F5BC2A00A3D19C /* LaunchScreen.storyboard in Resources */,
				429839A227F5BC2A00A3D19C /* Assets.xcassets in Resources */,
				429839A027F5BC2800A3D19C /* Main.storyboard in Resources */,
			);
			runOnlyForDeploymentPostprocessing = 0;
		};
/* End PBXResourcesBuildPhase section */

/* Begin PBXShellScriptBuildPhase section */
		4449F4FEFB0DF308A5A63EA4 /* [CP] Check Pods Manifest.lock */ = {
			isa = PBXShellScriptBuildPhase;
			buildActionMask = 2147483647;
			files = (
			);
			inputFileListPaths = (
			);
			inputPaths = (
				"${PODS_PODFILE_DIR_PATH}/Podfile.lock",
				"${PODS_ROOT}/Manifest.lock",
			);
			name = "[CP] Check Pods Manifest.lock";
			outputFileListPaths = (
			);
			outputPaths = (
				"$(DERIVED_FILE_DIR)/Pods-fingerprint-checkManifestLockResult.txt",
			);
			runOnlyForDeploymentPostprocessing = 0;
			shellPath = /bin/sh;
			shellScript = "diff \"${PODS_PODFILE_DIR_PATH}/Podfile.lock\" \"${PODS_ROOT}/Manifest.lock\" > /dev/null\nif [ $? != 0 ] ; then\n    # print error to STDERR\n    echo \"error: The sandbox is not in sync with the Podfile.lock. Run 'pod install' or update your CocoaPods installation.\" >&2\n    exit 1\nfi\n# This output is used by Xcode 'outputs' to avoid re-running this script phase.\necho \"SUCCESS\" > \"${SCRIPT_OUTPUT_FILE_0}\"\n";
			showEnvVarsInLog = 0;
		};
		818C0B8D5A2FE9FE9B932278 /* [CP] Embed Pods Frameworks */ = {
			isa = PBXShellScriptBuildPhase;
			buildActionMask = 2147483647;
			files = (
			);
			inputFileListPaths = (
				"${PODS_ROOT}/Target Support Files/Pods-fingerprint/Pods-fingerprint-frameworks-${CONFIGURATION}-input-files.xcfilelist",
			);
			name = "[CP] Embed Pods Frameworks";
			outputFileListPaths = (
				"${PODS_ROOT}/Target Support Files/Pods-fingerprint/Pods-fingerprint-frameworks-${CONFIGURATION}-output-files.xcfilelist",
			);
			runOnlyForDeploymentPostprocessing = 0;
			shellPath = /bin/sh;
			shellScript = "\"${PODS_ROOT}/Target Support Files/Pods-fingerprint/Pods-fingerprint-frameworks.sh\"\n";
			showEnvVarsInLog = 0;
		};
/* End PBXShellScriptBuildPhase section */

/* Begin PBXSourcesBuildPhase section */
		4298399127F5BC2800A3D19C /* Sources */ = {
			isa = PBXSourcesBuildPhase;
			buildActionMask = 2147483647;
			files = (
				4298399D27F5BC2800A3D19C /* ViewController.swift in Sources */,
				4298399927F5BC2800A3D19C /* AppDelegate.swift in Sources */,
				4298399B27F5BC2800A3D19C /* SceneDelegate.swift in Sources */,
			);
			runOnlyForDeploymentPostprocessing = 0;
		};
/* End PBXSourcesBuildPhase section */

/* Begin PBXVariantGroup section */
		4298399E27F5BC2800A3D19C /* Main.storyboard */ = {
			isa = PBXVariantGroup;
			children = (
				4298399F27F5BC2800A3D19C /* Base */,
			);
			name = Main.storyboard;
			sourceTree = "<group>";
		};
		429839A327F5BC2A00A3D19C /* LaunchScreen.storyboard */ = {
			isa = PBXVariantGroup;
			children = (
				429839A427F5BC2A00A3D19C /* Base */,
			);
			name = LaunchScreen.storyboard;
			sourceTree = "<group>";
		};
/* End PBXVariantGroup section */

/* Begin XCBuildConfiguration section */
		429839A727F5BC2A00A3D19C /* Debug */ = {
			isa = XCBuildConfiguration;
			buildSettings = {
				ALWAYS_SEARCH_USER_PATHS = NO;
				CLANG_ANALYZER_NONNULL = YES;
				CLANG_ANALYZER_NUMBER_OBJECT_CONVERSION = YES_AGGRESSIVE;
				CLANG_CXX_LANGUAGE_STANDARD = "gnu++17";
				CLANG_ENABLE_MODULES = YES;
				CLANG_ENABLE_OBJC_ARC = YES;
				CLANG_ENABLE_OBJC_WEAK = YES;
				CLANG_WARN_BLOCK_CAPTURE_AUTORELEASING = YES;
				CLANG_WARN_BOOL_CONVERSION = YES;
				CLANG_WARN_COMMA = YES;
				CLANG_WARN_CONSTANT_CONVERSION = YES;
				CLANG_WARN_DEPRECATED_OBJC_IMPLEMENTATIONS = YES;
				CLANG_WARN_DIRECT_OBJC_ISA_USAGE = YES_ERROR;
				CLANG_WARN_DOCUMENTATION_COMMENTS = YES;
				CLANG_WARN_EMPTY_BODY = YES;
				CLANG_WARN_ENUM_CONVERSION = YES;
				CLANG_WARN_INFINITE_RECURSION = YES;
				CLANG_WARN_INT_CONVERSION = YES;
				CLANG_WARN_NON_LITERAL_NULL_CONVERSION = YES;
				CLANG_WARN_OBJC_IMPLICIT_RETAIN_SELF = YES;
				CLANG_WARN_OBJC_LITERAL_CONVERSION = YES;
				CLANG_WARN_OBJC_ROOT_CLASS = YES_ERROR;
				CLANG_WARN_QUOTED_INCLUDE_IN_FRAMEWORK_HEADER = YES;
				CLANG_WARN_RANGE_LOOP_ANALYSIS = YES;
				CLANG_WARN_STRICT_PROTOTYPES = YES;
				CLANG_WARN_SUSPICIOUS_MOVE = YES;
				CLANG_WARN_UNGUARDED_AVAILABILITY = YES_AGGRESSIVE;
				CLANG_WARN_UNREACHABLE_CODE = YES;
				CLANG_WARN__DUPLICATE_METHOD_MATCH = YES;
				COPY_PHASE_STRIP = NO;
				DEBUG_INFORMATION_FORMAT = dwarf;
				ENABLE_STRICT_OBJC_MSGSEND = YES;
				ENABLE_TESTABILITY = YES;
				GCC_C_LANGUAGE_STANDARD = gnu11;
				GCC_DYNAMIC_NO_PIC = NO;
				GCC_NO_COMMON_BLOCKS = YES;
				GCC_OPTIMIZATION_LEVEL = 0;
				GCC_PREPROCESSOR_DEFINITIONS = (
					"DEBUG=1",
					"$(inherited)",
				);
				GCC_WARN_64_TO_32_BIT_CONVERSION = YES;
				GCC_WARN_ABOUT_RETURN_TYPE = YES_ERROR;
				GCC_WARN_UNDECLARED_SELECTOR = YES;
				GCC_WARN_UNINITIALIZED_AUTOS = YES_AGGRESSIVE;
				GCC_WARN_UNUSED_FUNCTION = YES;
				GCC_WARN_UNUSED_VARIABLE = YES;
				IPHONEOS_DEPLOYMENT_TARGET = 15.4;
				MTL_ENABLE_DEBUG_INFO = INCLUDE_SOURCE;
				MTL_FAST_MATH = YES;
				ONLY_ACTIVE_ARCH = YES;
				SDKROOT = iphoneos;
				SWIFT_ACTIVE_COMPILATION_CONDITIONS = DEBUG;
				SWIFT_OPTIMIZATION_LEVEL = "-Onone";
			};
			name = Debug;
		};
		429839A827F5BC2A00A3D19C /* Release */ = {
			isa = XCBuildConfiguration;
			buildSettings = {
				ALWAYS_SEARCH_USER_PATHS = NO;
				CLANG_ANALYZER_NONNULL = YES;
				CLANG_ANALYZER_NUMBER_OBJECT_CONVERSION = YES_AGGRESSIVE;
				CLANG_CXX_LANGUAGE_STANDARD = "gnu++17";
				CLANG_ENABLE_MODULES = YES;
				CLANG_ENABLE_OBJC_ARC = YES;
				CLANG_ENABLE_OBJC_WEAK = YES;
				CLANG_WARN_BLOCK_CAPTURE_AUTORELEASING = YES;
				CLANG_WARN_BOOL_CONVERSION = YES;
				CLANG_WARN_COMMA = YES;
				CLANG_WARN_CONSTANT_CONVERSION = YES;
				CLANG_WARN_DEPRECATED_OBJC_IMPLEMENTATIONS = YES;
				CLANG_WARN_DIRECT_OBJC_ISA_USAGE = YES_ERROR;
				CLANG_WARN_DOCUMENTATION_COMMENTS = YES;
				CLANG_WARN_EMPTY_BODY = YES;
				CLANG_WARN_ENUM_CONVERSION = YES;
				CLANG_WARN_INFINITE_RECURSION = YES;
				CLANG_WARN_INT_CONVERSION = YES;
				CLANG_WARN_NON_LITERAL_NULL_CONVERSION = YES;
				CLANG_WARN_OBJC_IMPLICIT_RETAIN_SELF = YES;
				CLANG_WARN_OBJC_LITERAL_CONVERSION = YES;
				CLANG_WARN_OBJC_ROOT_CLASS = YES_ERROR;
				CLANG_WARN_QUOTED_INCLUDE_IN_FRAMEWORK_HEADER = YES;
				CLANG_WARN_RANGE_LOOP_ANALYSIS = YES;
				CLANG_WARN_STRICT_PROTOTYPES = YES;
				CLANG_WARN_SUSPICIOUS_MOVE = YES;
				CLANG_WARN_UNGUARDED_AVAILABILITY = YES_AGGRESSIVE;
				CLANG_WARN_UNREACHABLE_CODE = YES;
				CLANG_WARN__DUPLICATE_METHOD_MATCH = YES;
				COPY_PHASE_STRIP = NO;
				DEBUG_INFORMATION_FORMAT = "dwarf-with-dsym";
				ENABLE_NS_ASSERTIONS = NO;
				ENABLE_STRICT_OBJC_MSGSEND = YES;
				GCC_C_LANGUAGE_STANDARD = gnu11;
				GCC_NO_COMMON_BLOCKS = YES;
				GCC_WARN_64_TO_32_BIT_CONVERSION = YES;
				GCC_WARN_ABOUT_RETURN_TYPE = YES_ERROR;
				GCC_WARN_UNDECLARED_SELECTOR = YES;
				GCC_WARN_UNINITIALIZED_AUTOS = YES_AGGRESSIVE;
				GCC_WARN_UNUSED_FUNCTION = YES;
				GCC_WARN_UNUSED_VARIABLE = YES;
				IPHONEOS_DEPLOYMENT_TARGET = 15.4;
				MTL_ENABLE_DEBUG_INFO = NO;
				MTL_FAST_MATH = YES;
				SDKROOT = iphoneos;
				SWIFT_COMPILATION_MODE = wholemodule;
				SWIFT_OPTIMIZATION_LEVEL = "-O";
				VALIDATE_PRODUCT = YES;
			};
			name = Release;
		};
		429839AA27F5BC2A00A3D19C /* Debug */ = {
			isa = XCBuildConfiguration;
			baseConfigurationReference = C8E6BE02E5E2E5995E7AD916 /* Pods-fingerprint.debug.xcconfig */;
			buildSettings = {
				ASSETCATALOG_COMPILER_APPICON_NAME = AppIcon;
				ASSETCATALOG_COMPILER_GLOBAL_ACCENT_COLOR_NAME = AccentColor;
				CODE_SIGN_STYLE = Automatic;
				CURRENT_PROJECT_VERSION = 1;
				DEVELOPMENT_TEAM = Z44PNMNA6D;
				GENERATE_INFOPLIST_FILE = YES;
				INFOPLIST_FILE = fingerprint/Info.plist;
				INFOPLIST_KEY_UIApplicationSupportsIndirectInputEvents = YES;
				INFOPLIST_KEY_UILaunchStoryboardName = LaunchScreen;
				INFOPLIST_KEY_UIMainStoryboardFile = Main;
				INFOPLIST_KEY_UISupportedInterfaceOrientations_iPad = "UIInterfaceOrientationPortrait UIInterfaceOrientationPortraitUpsideDown UIInterfaceOrientationLandscapeLeft UIInterfaceOrientationLandscapeRight";
				INFOPLIST_KEY_UISupportedInterfaceOrientations_iPhone = "UIInterfaceOrientationPortrait UIInterfaceOrientationLandscapeLeft UIInterfaceOrientationLandscapeRight";
				LD_RUNPATH_SEARCH_PATHS = (
					"$(inherited)",
					"@executable_path/Frameworks",
				);
				MARKETING_VERSION = 1.0;
				PRODUCT_BUNDLE_IDENTIFIER = BO.fingerprint;
				PRODUCT_NAME = "$(TARGET_NAME)";
				SWIFT_EMIT_LOC_STRINGS = YES;
				SWIFT_VERSION = 5.0;
				TARGETED_DEVICE_FAMILY = "1,2";
			};
			name = Debug;
		};
		429839AB27F5BC2A00A3D19C /* Release */ = {
			isa = XCBuildConfiguration;
			baseConfigurationReference = 835134A7F2E46D2C54451CF1 /* Pods-fingerprint.release.xcconfig */;
			buildSettings = {
				ASSETCATALOG_COMPILER_APPICON_NAME = AppIcon;
				ASSETCATALOG_COMPILER_GLOBAL_ACCENT_COLOR_NAME = AccentColor;
				CODE_SIGN_STYLE = Automatic;
				CURRENT_PROJECT_VERSION = 1;
				DEVELOPMENT_TEAM = Z44PNMNA6D;
				GENERATE_INFOPLIST_FILE = YES;
				INFOPLIST_FILE = fingerprint/Info.plist;
				INFOPLIST_KEY_UIApplicationSupportsIndirectInputEvents = YES;
				INFOPLIST_KEY_UILaunchStoryboardName = LaunchScreen;
				INFOPLIST_KEY_UIMainStoryboardFile = Main;
				INFOPLIST_KEY_UISupportedInterfaceOrientations_iPad = "UIInterfaceOrientationPortrait UIInterfaceOrientationPortraitUpsideDown UIInterfaceOrientationLandscapeLeft UIInterfaceOrientationLandscapeRight";
				INFOPLIST_KEY_UISupportedInterfaceOrientations_iPhone = "UIInterfaceOrientationPortrait UIInterfaceOrientationLandscapeLeft UIInterfaceOrientationLandscapeRight";
				LD_RUNPATH_SEARCH_PATHS = (
					"$(inherited)",
					"@executable_path/Frameworks",
				);
				MARKETING_VERSION = 1.0;
				PRODUCT_BUNDLE_IDENTIFIER = BO.fingerprint;
				PRODUCT_NAME = "$(TARGET_NAME)";
				SWIFT_EMIT_LOC_STRINGS = YES;
				SWIFT_VERSION = 5.0;
				TARGETED_DEVICE_FAMILY = "1,2";
			};
			name = Release;
		};
/* End XCBuildConfiguration section */

/* Begin XCConfigurationList section */
		4298399027F5BC2800A3D19C /* Build configuration list for PBXProject "fingerprint" */ = {
			isa = XCConfigurationList;
			buildConfigurations = (
				429839A727F5BC2A00A3D19C /* Debug */,
				429839A827F5BC2A00A3D19C /* Release */,
			);
			defaultConfigurationIsVisible = 0;
			defaultConfigurationName = Release;
		};
		429839A927F5BC2A00A3D19C /* Build configuration list for PBXNativeTarget "fingerprint" */ = {
			isa = XCConfigurationList;
			buildConfigurations = (
				429839AA27F5BC2A00A3D19C /* Debug */,
				429839AB27F5BC2A00A3D19C /* Release */,
			);
			defaultConfigurationIsVisible = 0;
			defaultConfigurationName = Release;
		};
/* End XCConfigurationList section */
	};
	rootObject = 4298398D27F5BC2800A3D19C /* Project object */;
}
